
Microsoft Visual Studio Solution File, Format Version 12.00
# Visual Studio Version 17
VisualStudioVersion = 17.5.33414.496
MinimumVisualStudioVersion = 10.0.40219.1
Project("{FAE04EC0-301F-11D3-BF4B-00C04F79EFBC}") = "AppSurveyTrustspot", "AppSurveyTrustspot\AppSurveyTrustspot.csproj", "{E941FDD1-C504-47F5-86F8-3B800449C8F2}"
EndProject
Global
	GlobalSection(SolutionConfigurationPlatforms) = preSolution
		Debug|Any CPU = Debug|Any CPU
		Release|Any CPU = Release|Any CPU
	EndGlobalSection
	GlobalSection(ProjectConfigurationPlatforms) = postSolution
		{E941FDD1-C504-47F5-86F8-3B800449C8F2}.Debug|Any CPU.ActiveCfg = Debug|Any CPU
		{E941FDD1-C504-47F5-86F8-3B800449C8F2}.Debug|Any CPU.Build.0 = Debug|Any CPU
		{E941FDD1-C504-47F5-86F8-3B800449C8F2}.Release|Any CPU.ActiveCfg = Release|Any CPU
		{E941FDD1-C504-47F5-86F8-3B800449C8F2}.Release|Any CPU.Build.0 = Release|Any CPU
	EndGlobalSection
	GlobalSection(SolutionProperties) = preSolution
		HideSolutionNode = FALSE
	EndGlobalSection
	GlobalSection(ExtensibilityGlobals) = postSolution
		SolutionGuid = {B493302B-73AD-47CC-A56C-0323BB7B30E2}
	EndGlobalSection
EndGlobal
